PODS:
  - ThinkingDataAnalyticsExtension (1.0.0):
    - ThinkingDataCore (= 1.0.1)
  - ThinkingDataCore (1.0.1):
    - ThinkingDataCore/Main (= 1.0.1)
  - ThinkingDataCore/iOS (1.0.1)
  - ThinkingDataCore/Main (1.0.1):
    - ThinkingDataCore/iOS
    - ThinkingDataCore/OSX
  - ThinkingDataPushExtension (1.0.0):
    - ThinkingDataAnalyticsExtension (= 1.0.0)

DEPENDENCIES:
  - ThinkingDataPushExtension (from `../`)

SPEC REPOS:
  trunk:
    - ThinkingDataAnalyticsExtension
    - ThinkingDataCore

EXTERNAL SOURCES:
  ThinkingDataPushExtension:
    :path: "../"

SPEC CHECKSUMS:
  ThinkingDataAnalyticsExtension: c27bb81dc6b7bd791665b29dbc423d24a6b85ceb
  ThinkingDataCore: 1ef8b754e80718e0533503d95045ab8a7e3ea6b3
  ThinkingDataPushExtension: 039bf11abbebb5db0939ef41670826f0ed2127de

PODFILE CHECKSUM: aeaa5e81eeaf66847df026b6bd1b793a4f9e3293

COCOAPODS: 1.12.1
